
Microsoft Visual Studio Solution File, Format Version 12.00
# Visual Studio Version 16
VisualStudioVersion = 16.0.30804.86
MinimumVisualStudioVersion = 10.0.40219.1
Project("{FAE04EC0-301F-11D3-BF4B-00C04F79EFBC}") = "Task", "Task\Task.csproj", "{569A4CE0-6D00-4F35-88CE-65C8C9706516}"
EndProject
Global
	GlobalSection(SolutionConfigurationPlatforms) = preSolution
		Debug|Any CPU = Debug|Any CPU
		Release|Any CPU = Release|Any CPU
	EndGlobalSection
	GlobalSection(ProjectConfigurationPlatforms) = postSolution
		{569A4CE0-6D00-4F35-88CE-65C8C9706516}.Debug|Any CPU.ActiveCfg = Debug|Any CPU
		{569A4CE0-6D00-4F35-88CE-65C8C9706516}.Debug|Any CPU.Build.0 = Debug|Any CPU
		{569A4CE0-6D00-4F35-88CE-65C8C9706516}.Release|Any CPU.ActiveCfg = Release|Any CPU
		{569A4CE0-6D00-4F35-88CE-65C8C9706516}.Release|Any CPU.Build.0 = Release|Any CPU
	EndGlobalSection
	GlobalSection(SolutionProperties) = preSolution
		HideSolutionNode = FALSE
	EndGlobalSection
	GlobalSection(ExtensibilityGlobals) = postSolution
		SolutionGuid = {E81905CA-AD37-49BF-8713-939587EDAB4A}
	EndGlobalSection
EndGlobal
